
Microsoft Visual Studio Solution File, Format Version 12.00
# Visual Studio Version 16
VisualStudioVersion = 16.0.32413.511
MinimumVisualStudioVersion = 10.0.40219.1
Project("{FAE04EC0-301F-11D3-BF4B-00C04F79EFBC}") = "DataAccess", "DataAccess\DataAccess.csproj", "{83FCEB38-07CF-4B4A-A8EF-F0B85DC660FF}"
EndProject
Global
	GlobalSection(SolutionConfigurationPlatforms) = preSolution
		Debug|Any CPU = Debug|Any CPU
		Release|Any CPU = Release|Any CPU
	EndGlobalSection
	GlobalSection(ProjectConfigurationPlatforms) = postSolution
		{83FCEB38-07CF-4B4A-A8EF-F0B85DC660FF}.Debug|Any CPU.ActiveCfg = Debug|Any CPU
		{83FCEB38-07CF-4B4A-A8EF-F0B85DC660FF}.Debug|Any CPU.Build.0 = Debug|Any CPU
		{83FCEB38-07CF-4B4A-A8EF-F0B85DC660FF}.Release|Any CPU.ActiveCfg = Release|Any CPU
		{83FCEB38-07CF-4B4A-A8EF-F0B85DC660FF}.Release|Any CPU.Build.0 = Release|Any CPU
	EndGlobalSection
	GlobalSection(SolutionProperties) = preSolution
		HideSolutionNode = FALSE
	EndGlobalSection
	GlobalSection(ExtensibilityGlobals) = postSolution
		SolutionGuid = {E37A1AA9-5669-43EE-891C-8F291DD07001}
	EndGlobalSection
EndGlobal
